
Microsoft Visual Studio Solution File, Format Version 12.00
# Visual Studio Version 16
VisualStudioVersion = 16.0.31424.327
MinimumVisualStudioVersion = 10.0.40219.1
Project("{FAE04EC0-301F-11D3-BF4B-00C04F79EFBC}") = "Hello", "Hello.csproj", "{AB12097D-AE02-4FFB-8E22-60CA794FE116}"
EndProject
Global
	GlobalSection(SolutionConfigurationPlatforms) = preSolution
		Debug|Any CPU = Debug|Any CPU
		Release|Any CPU = Release|Any CPU
	EndGlobalSection
	GlobalSection(ProjectConfigurationPlatforms) = postSolution
		{AB12097D-AE02-4FFB-8E22-60CA794FE116}.Debug|Any CPU.ActiveCfg = Debug|Any CPU
		{AB12097D-AE02-4FFB-8E22-60CA794FE116}.Debug|Any CPU.Build.0 = Debug|Any CPU
		{AB12097D-AE02-4FFB-8E22-60CA794FE116}.Release|Any CPU.ActiveCfg = Release|Any CPU
		{AB12097D-AE02-4FFB-8E22-60CA794FE116}.Release|Any CPU.Build.0 = Release|Any CPU
	EndGlobalSection
	GlobalSection(SolutionProperties) = preSolution
		HideSolutionNode = FALSE
	EndGlobalSection
	GlobalSection(ExtensibilityGlobals) = postSolution
		SolutionGuid = {EFE1BD11-3373-49A4-8189-A262A1D3E116}
	EndGlobalSection
EndGlobal
